# This file is automatically @generated by Cargo.
# It is not intended for manual editing.
version = 4

[[package]]
name = "aura"
version = "0.1.0"
dependencies = [
 "loop-core",
]

[[package]]
name = "broker"
version = "0.1.0"
dependencies = [
 "loop-core",
]

[[package]]
name = "loop-core"
version = "0.1.0"

[[package]]
name = "root_task"
version = "0.1.0"
dependencies = [
 "loop-core",
]

[[package]]
name = "shell"
version = "0.1.0"
dependencies = [
 "loop-core",
]

[[package]]
name = "test-aura"
version = "0.1.0"
dependencies = [
 "loop-core",
]

[[package]]
name = "test-boot"
version = "0.1.0"
dependencies = [
 "loop-core",
]

[[package]]
name = "test-broker"
version = "0.1.0"
dependencies = [
 "loop-core",
]

[[package]]
name = "test-hello"
version = "0.1.0"
dependencies = [
 "loop-core",
]

[[package]]
name = "test-shell"
version = "0.1.0"
dependencies = [
 "loop-core",
]
